# THIS IS AN AUTOGENERATED FILE. DO NOT EDIT THIS FILE DIRECTLY.
# yarn lockfile v1


"@fast-csv/format@^4.3.5":
  "integrity" "sha512-8iRn6QF3I8Ak78lNAa+Gdl5MJJBM5vRHivFtMRUWINdevNo00K7OXxS2PshawLKTejVwieIlPmK5YlLu6w4u8A=="
  "resolved" "https://registry.npmjs.org/@fast-csv/format/-/format-4.3.5.tgz"
  "version" "4.3.5"
  dependencies:
    "@types/node" "^14.0.1"
    "lodash.escaperegexp" "^4.1.2"
    "lodash.isboolean" "^3.0.3"
    "lodash.isequal" "^4.5.0"
    "lodash.isfunction" "^3.0.9"
    "lodash.isnil" "^4.0.0"

"@types/node@^14.0.1":
  "integrity" "sha512-8kQ3+wKGRNN0ghtEn7EGps/B8CzuBz1nXZEIGGLP2GnwbqYn4dbTs7k+VKLTq1HvZLRCIDtN3Snx1Ege8B7L5A=="
  "resolved" "https://registry.npmjs.org/@types/node/-/node-14.17.4.tgz"
  "version" "14.17.4"

"lodash.escaperegexp@^4.1.2":
  "integrity" "sha1-ZHYsSGGAglGKw99Mz11YhtriA0c="
  "resolved" "https://registry.npmjs.org/lodash.escaperegexp/-/lodash.escaperegexp-4.1.2.tgz"
  "version" "4.1.2"

"lodash.isboolean@^3.0.3":
  "integrity" "sha1-bC4XHbKiV82WgC/UOwGyDV9YcPY="
  "resolved" "https://registry.npmjs.org/lodash.isboolean/-/lodash.isboolean-3.0.3.tgz"
  "version" "3.0.3"

"lodash.isequal@^4.5.0":
  "integrity" "sha1-QVxEePK8wwEgwizhDtMib30+GOA="
  "resolved" "https://registry.npmjs.org/lodash.isequal/-/lodash.isequal-4.5.0.tgz"
  "version" "4.5.0"

"lodash.isfunction@^3.0.9":
  "integrity" "sha512-AirXNj15uRIMMPihnkInB4i3NHeb4iBtNg9WRWuK2o31S+ePwwNmDPaTL3o7dTJ+VXNZim7rFs4rxN4YU1oUJw=="
  "resolved" "https://registry.npmjs.org/lodash.isfunction/-/lodash.isfunction-3.0.9.tgz"
  "version" "3.0.9"

"lodash.isnil@^4.0.0":
  "integrity" "sha1-SeKM1VkBNFjIFMVHnTxmOiG/qmw="
  "resolved" "https://registry.npmjs.org/lodash.isnil/-/lodash.isnil-4.0.0.tgz"
  "version" "4.0.0"

"lodash@^4.17.21":
  "integrity" "sha512-v2kDEe57lecTulaDIuNTPy3Ry4gLGJ6Z1O3vE1krgXZNrsQ+LFTGHVxVjcXPs17LhbZVGedAJv8XZ1tvj5FvSg=="
  "resolved" "https://registry.npmjs.org/lodash/-/lodash-4.17.21.tgz"
  "version" "4.17.21"

"moment@^2.29.1":
  "integrity" "sha512-kHmoybcPV8Sqy59DwNDY3Jefr64lK/by/da0ViFcuA4DH0vQg5Q6Ze5VimxkfQNSC+Mls/Kx53s7TjP1RhFEDQ=="
  "resolved" "https://registry.npmjs.org/moment/-/moment-2.29.1.tgz"
  "version" "2.29.1"

"node-fetch@^2.6.1":
  "integrity" "sha512-V4aYg89jEoVRxRb2fJdAg8FHvI7cEyYdVAh94HH0UIK8oJxUfkjlDQN9RbMx+bEjP7+ggMiFRprSti032Oipxw=="
  "resolved" "https://registry.npmjs.org/node-fetch/-/node-fetch-2.6.1.tgz"
  "version" "2.6.1"

"ws@^7.5.2":
  "integrity" "sha512-lkF7AWRicoB9mAgjeKbGqVUekLnSNO4VjKVnuPHpQeOxZOErX6BPXwJk70nFslRCEEA8EVW7ZjKwXaP9N+1sKQ=="
  "resolved" "https://registry.npmjs.org/ws/-/ws-7.5.2.tgz"
  "version" "7.5.2"
